
Microsoft Visual Studio Solution File, Format Version 12.00
# Visual Studio Express 2013 for Windows Desktop
VisualStudioVersion = 12.0.21005.1
MinimumVisualStudioVersion = 10.0.40219.1
Project("{8BC9CEB8-8B4A-11D0-8D11-00A0C91BC942}") = "CreateSinWave", "CreateSinWave\CreateSinWave.vcxproj", "{EBD631A2-D2F0-46D6-BCCF-6C920B7F55ED}"
EndProject
Project("{8BC9CEB8-8B4A-11D0-8D11-00A0C91BC942}") = "AddSinWave", "AddSinWave\AddSinWave.vcxproj", "{F594E4E7-3916-4A83-AC20-5B27F862D5AB}"
EndProject
Project("{8BC9CEB8-8B4A-11D0-8D11-00A0C91BC942}") = "testDriver", "testDriver\testDriver.vcxproj", "{CB140E1A-E751-4C0D-961E-3231E6A77FDB}"
EndProject
Project("{8BC9CEB8-8B4A-11D0-8D11-00A0C91BC942}") = "RealtimeRendering", "RealtimeRendering\RealtimeRendering.vcxproj", "{54576B47-7704-43C4-98CE-AF6003BC2B1D}"
EndProject
Global
	GlobalSection(SolutionConfigurationPlatforms) = preSolution
		Debug|Win32 = Debug|Win32
		Release|Win32 = Release|Win32
	EndGlobalSection
	GlobalSection(ProjectConfigurationPlatforms) = postSolution
		{EBD631A2-D2F0-46D6-BCCF-6C920B7F55ED}.Debug|Win32.ActiveCfg = Debug|Win32
		{EBD631A2-D2F0-46D6-BCCF-6C920B7F55ED}.Debug|Win32.Build.0 = Debug|Win32
		{EBD631A2-D2F0-46D6-BCCF-6C920B7F55ED}.Release|Win32.ActiveCfg = Release|Win32
		{EBD631A2-D2F0-46D6-BCCF-6C920B7F55ED}.Release|Win32.Build.0 = Release|Win32
		{F594E4E7-3916-4A83-AC20-5B27F862D5AB}.Debug|Win32.ActiveCfg = Debug|Win32
		{F594E4E7-3916-4A83-AC20-5B27F862D5AB}.Debug|Win32.Build.0 = Debug|Win32
		{F594E4E7-3916-4A83-AC20-5B27F862D5AB}.Release|Win32.ActiveCfg = Release|Win32
		{F594E4E7-3916-4A83-AC20-5B27F862D5AB}.Release|Win32.Build.0 = Release|Win32
		{CB140E1A-E751-4C0D-961E-3231E6A77FDB}.Debug|Win32.ActiveCfg = Debug|Win32
		{CB140E1A-E751-4C0D-961E-3231E6A77FDB}.Debug|Win32.Build.0 = Debug|Win32
		{CB140E1A-E751-4C0D-961E-3231E6A77FDB}.Release|Win32.ActiveCfg = Release|Win32
		{CB140E1A-E751-4C0D-961E-3231E6A77FDB}.Release|Win32.Build.0 = Release|Win32
		{54576B47-7704-43C4-98CE-AF6003BC2B1D}.Debug|Win32.ActiveCfg = Debug|Win32
		{54576B47-7704-43C4-98CE-AF6003BC2B1D}.Debug|Win32.Build.0 = Debug|Win32
		{54576B47-7704-43C4-98CE-AF6003BC2B1D}.Release|Win32.ActiveCfg = Release|Win32
		{54576B47-7704-43C4-98CE-AF6003BC2B1D}.Release|Win32.Build.0 = Release|Win32
	EndGlobalSection
	GlobalSection(SolutionProperties) = preSolution
		HideSolutionNode = FALSE
	EndGlobalSection
EndGlobal
